
Microsoft Visual Studio Solution File, Format Version 12.00
# Visual Studio Version 17
VisualStudioVersion = 17.7.34202.233
MinimumVisualStudioVersion = 10.0.40219.1
Project("{FAE04EC0-301F-11D3-BF4B-00C04F79EFBC}") = "addressbook_tests_autoit", "addressbook_tests_autoit2\addressbook_tests_autoit.csproj", "{0B278980-83BA-4587-B4B4-B12A5F134F17}"
EndProject
Global
	GlobalSection(SolutionConfigurationPlatforms) = preSolution
		Debug|Any CPU = Debug|Any CPU
		Release|Any CPU = Release|Any CPU
	EndGlobalSection
	GlobalSection(ProjectConfigurationPlatforms) = postSolution
		{0B278980-83BA-4587-B4B4-B12A5F134F17}.Debug|Any CPU.ActiveCfg = Debug|Any CPU
		{0B278980-83BA-4587-B4B4-B12A5F134F17}.Debug|Any CPU.Build.0 = Debug|Any CPU
		{0B278980-83BA-4587-B4B4-B12A5F134F17}.Release|Any CPU.ActiveCfg = Release|Any CPU
		{0B278980-83BA-4587-B4B4-B12A5F134F17}.Release|Any CPU.Build.0 = Release|Any CPU
	EndGlobalSection
	GlobalSection(SolutionProperties) = preSolution
		HideSolutionNode = FALSE
	EndGlobalSection
	GlobalSection(ExtensibilityGlobals) = postSolution
		SolutionGuid = {5319556F-4F67-4E8D-8A5F-98849C404182}
	EndGlobalSection
EndGlobal
